
Microsoft Visual Studio Solution File, Format Version 12.00
# Visual Studio Version 17
VisualStudioVersion = 17.1.32228.430
MinimumVisualStudioVersion = 10.0.40219.1
Project("{9A19103F-16F7-4668-BE54-9A1E7A4F7556}") = "CoopBattlePause", "CoopBattlePause\CoopBattlePause.csproj", "{8E918D58-30B6-4F6E-B0C7-074F72730DD9}"
EndProject
Global
	GlobalSection(SolutionConfigurationPlatforms) = preSolution
		Debug|Any CPU = Debug|Any CPU
		Release|Any CPU = Release|Any CPU
	EndGlobalSection
	GlobalSection(ProjectConfigurationPlatforms) = postSolution
		{8E918D58-30B6-4F6E-B0C7-074F72730DD9}.Debug|Any CPU.ActiveCfg = Debug|Any CPU
		{8E918D58-30B6-4F6E-B0C7-074F72730DD9}.Debug|Any CPU.Build.0 = Debug|Any CPU
		{8E918D58-30B6-4F6E-B0C7-074F72730DD9}.Release|Any CPU.ActiveCfg = Release|Any CPU
		{8E918D58-30B6-4F6E-B0C7-074F72730DD9}.Release|Any CPU.Build.0 = Release|Any CPU
	EndGlobalSection
	GlobalSection(SolutionProperties) = preSolution
		HideSolutionNode = FALSE
	EndGlobalSection
	GlobalSection(ExtensibilityGlobals) = postSolution
		SolutionGuid = {252A5C68-D7D8-4DC9-A238-2EF61E97AEAF}
	EndGlobalSection
EndGlobal
